
Microsoft Visual Studio Solution File, Format Version 12.00
# Visual Studio Version 16
VisualStudioVersion = 16.0.32929.386
MinimumVisualStudioVersion = 10.0.40219.1
Project("{FAE04EC0-301F-11D3-BF4B-00C04F79EFBC}") = "TradingCompany.Console", "TradingCompany\TradingCompany.Console.csproj", "{83B22408-2064-4D19-B3ED-3DE6009E4FBB}"
EndProject
Project("{FAE04EC0-301F-11D3-BF4B-00C04F79EFBC}") = "DAL", "DAL\DAL.csproj", "{08F0877F-EFE1-4801-BBE1-7D1635C42CA3}"
EndProject
Project("{FAE04EC0-301F-11D3-BF4B-00C04F79EFBC}") = "DTO", "DTO\DTO.csproj", "{5215240D-A29C-4D83-B668-1598F4CB082D}"
EndProject
Project("{FAE04EC0-301F-11D3-BF4B-00C04F79EFBC}") = "UnitTestDAL", "UnitTestDAL\UnitTestDAL.csproj", "{19F32FA3-18CB-45A2-B8B4-8984989D7565}"
EndProject
Global
	GlobalSection(SolutionConfigurationPlatforms) = preSolution
		Debug|Any CPU = Debug|Any CPU
		Release|Any CPU = Release|Any CPU
	EndGlobalSection
	GlobalSection(ProjectConfigurationPlatforms) = postSolution
		{83B22408-2064-4D19-B3ED-3DE6009E4FBB}.Debug|Any CPU.ActiveCfg = Debug|Any CPU
		{83B22408-2064-4D19-B3ED-3DE6009E4FBB}.Debug|Any CPU.Build.0 = Debug|Any CPU
		{83B22408-2064-4D19-B3ED-3DE6009E4FBB}.Release|Any CPU.ActiveCfg = Release|Any CPU
		{83B22408-2064-4D19-B3ED-3DE6009E4FBB}.Release|Any CPU.Build.0 = Release|Any CPU
		{08F0877F-EFE1-4801-BBE1-7D1635C42CA3}.Debug|Any CPU.ActiveCfg = Debug|Any CPU
		{08F0877F-EFE1-4801-BBE1-7D1635C42CA3}.Debug|Any CPU.Build.0 = Debug|Any CPU
		{08F0877F-EFE1-4801-BBE1-7D1635C42CA3}.Release|Any CPU.ActiveCfg = Release|Any CPU
		{08F0877F-EFE1-4801-BBE1-7D1635C42CA3}.Release|Any CPU.Build.0 = Release|Any CPU
		{5215240D-A29C-4D83-B668-1598F4CB082D}.Debug|Any CPU.ActiveCfg = Debug|Any CPU
		{5215240D-A29C-4D83-B668-1598F4CB082D}.Debug|Any CPU.Build.0 = Debug|Any CPU
		{5215240D-A29C-4D83-B668-1598F4CB082D}.Release|Any CPU.ActiveCfg = Release|Any CPU
		{5215240D-A29C-4D83-B668-1598F4CB082D}.Release|Any CPU.Build.0 = Release|Any CPU
		{19F32FA3-18CB-45A2-B8B4-8984989D7565}.Debug|Any CPU.ActiveCfg = Debug|Any CPU
		{19F32FA3-18CB-45A2-B8B4-8984989D7565}.Debug|Any CPU.Build.0 = Debug|Any CPU
		{19F32FA3-18CB-45A2-B8B4-8984989D7565}.Release|Any CPU.ActiveCfg = Release|Any CPU
		{19F32FA3-18CB-45A2-B8B4-8984989D7565}.Release|Any CPU.Build.0 = Release|Any CPU
	EndGlobalSection
	GlobalSection(SolutionProperties) = preSolution
		HideSolutionNode = FALSE
	EndGlobalSection
	GlobalSection(ExtensibilityGlobals) = postSolution
		SolutionGuid = {F595C9CD-06B8-4240-A18B-5A1BCBEDD1DF}
	EndGlobalSection
EndGlobal
